{
  "name": "file-available",
  "version": "1.0.0",
  "lockfileVersion": 1,
  "requires": true,
  "dependencies": {
    "assertivity": {
      "version": "1.0.3",
      "resolved": "https://registry.npmjs.org/assertivity/-/assertivity-1.0.3.tgz",
      "integrity": "sha512-ZW4bCR3rz8kdgycrZwgOJp2OWSeOlKJSVxZpmafn7ISvbdR90PybBpGFzkZys7RVgllVQbmm9D0ru7gjR9tCHQ==",
      "dev": true
    }
  }
}
